
Microsoft Visual Studio Solution File, Format Version 12.00
# Visual Studio 15
VisualStudioVersion = 15.0.28010.2046
MinimumVisualStudioVersion = 10.0.40219.1
Project("{FAE04EC0-301F-11D3-BF4B-00C04F79EFBC}") = "TradingCommerce", "TradingCommerce\TradingCommerce.csproj", "{DF8CACC7-7A4A-46E1-AAB6-B025FE14B546}"
EndProject
Global
	GlobalSection(SolutionConfigurationPlatforms) = preSolution
		Debug|Any CPU = Debug|Any CPU
		Release|Any CPU = Release|Any CPU
	EndGlobalSection
	GlobalSection(ProjectConfigurationPlatforms) = postSolution
		{DF8CACC7-7A4A-46E1-AAB6-B025FE14B546}.Debug|Any CPU.ActiveCfg = Debug|Any CPU
		{DF8CACC7-7A4A-46E1-AAB6-B025FE14B546}.Debug|Any CPU.Build.0 = Debug|Any CPU
		{DF8CACC7-7A4A-46E1-AAB6-B025FE14B546}.Release|Any CPU.ActiveCfg = Release|Any CPU
		{DF8CACC7-7A4A-46E1-AAB6-B025FE14B546}.Release|Any CPU.Build.0 = Release|Any CPU
	EndGlobalSection
	GlobalSection(SolutionProperties) = preSolution
		HideSolutionNode = FALSE
	EndGlobalSection
	GlobalSection(ExtensibilityGlobals) = postSolution
		SolutionGuid = {8EF0BFFB-8912-4F96-9B0D-FD22FF630149}
	EndGlobalSection
EndGlobal
